{
  "requires": true,
  "lockfileVersion": 1,
  "dependencies": {
    "@fortawesome/fontawesome-free": {
      "version": "5.15.3",
      "resolved": "https://registry.npmjs.org/@fortawesome/fontawesome-free/-/fontawesome-free-5.15.3.tgz",
      "integrity": "sha512-rFnSUN/QOtnOAgqFRooTA3H57JLDm0QEG/jPdk+tLQNL/eWd+Aok8g3qCI+Q1xuDPWpGW/i9JySpJVsq8Q0s9w=="
    },
    "@popperjs/core": {
      "version": "2.9.2",
      "resolved": "https://registry.npmjs.org/@popperjs/core/-/core-2.9.2.tgz",
      "integrity": "sha512-VZMYa7+fXHdwIq1TDhSXoVmSPEGM/aa+6Aiq3nVVJ9bXr24zScr+NlKFKC3iPljA7ho/GAZr+d2jOf5GIRC30Q=="
    },
    "bootstrap": {
      "version": "4.6.0",
      "resolved": "https://registry.npmjs.org/bootstrap/-/bootstrap-4.6.0.tgz",
      "integrity": "sha512-Io55IuQY3kydzHtbGvQya3H+KorS/M9rSNyfCGCg9WZ4pyT/lCxIlpJgG1GXW/PswzC84Tr2fBYi+7+jFVQQBw=="
    },
    "jquery": {
      "version": "3.5.1",
      "resolved": "https://registry.npmjs.org/jquery/-/jquery-3.5.1.tgz",
      "integrity": "sha512-XwIBPqcMn57FxfT+Go5pzySnm4KWkT1Tv7gjrpT1srtf8Weynl6R273VJ5GjkRb51IzMp5nbaPjJXMWeju2MKg=="
    },
    "summernote": {
      "version": "0.8.18",
      "resolved": "https://registry.npmjs.org/summernote/-/summernote-0.8.18.tgz",
      "integrity": "sha512-VlwBaNm9vSYMYXvO2f3UCUmY0Gm8jxLcBn+D08aX3pKs4x2vAoyQ4DcDQ6D+PchQiLrf86AGQVfVu56F4aP3ug=="
    },
    "tui-code-snippet": {
      "version": "2.3.2",
      "resolved": "https://registry.npmjs.org/tui-code-snippet/-/tui-code-snippet-2.3.2.tgz",
      "integrity": "sha512-6jGbM/m7A2L59lJSripwMVp87awrWgJXezlLV8GuAha3s0k01E4+MndoU5WlXd4dauVRgzHhKguTVslx/jMehw=="
    },
    "tui-date-picker": {
      "version": "4.1.0",
      "resolved": "https://registry.npmjs.org/tui-date-picker/-/tui-date-picker-4.1.0.tgz",
      "integrity": "sha512-ls/8yGuWe9MPa9SzL5iQiuyVpmDCdcJgyfg5O73U0sw+ba6Y1NLOuyRDrSFaT4tKg5jm3zeLD98I9jhYCT7P/g==",
      "requires": {
        "tui-time-picker": "^2.0.3"
      }
    },
    "tui-grid": {
      "version": "4.16.1",
      "resolved": "https://registry.npmjs.org/tui-grid/-/tui-grid-4.16.1.tgz",
      "integrity": "sha512-XCM9kWYdrN9/eK23506p+zRXaPerWIf89gu7pwug65zKF0hkR/8eCN7T9Cz1k29szPWBN2hSRL6FZntv8Ymc7g==",
      "requires": {
        "tui-date-picker": "^4.1.0",
        "tui-pagination": "^3.4.0"
      }
    },
    "tui-pagination": {
      "version": "3.4.0",
      "resolved": "https://registry.npmjs.org/tui-pagination/-/tui-pagination-3.4.0.tgz",
      "integrity": "sha512-jqIeVsESOFsQfywaM58ex/P3X28lvoUVPeH/5XamfWdDMssIUdHjKy9bsJJEBgeYJPLoNenn0toXJFha2mcsTQ==",
      "requires": {
        "tui-code-snippet": "^2.2.0"
      }
    },
    "tui-time-picker": {
      "version": "2.0.3",
      "resolved": "https://registry.npmjs.org/tui-time-picker/-/tui-time-picker-2.0.3.tgz",
      "integrity": "sha512-S9pkPyAhixYMYsWIA/acaLBuoFBJGohWl9sQyWzSupqEYY4s+QNStl3kJ76Q29VkTl51+LrXm+0SJ1inP0Sheg==",
      "requires": {
        "tui-code-snippet": "^2.2.0"
      }
    }
  }
}
